// !$*UTF8*$!
{
	archiveVersion = 1;
	classes = {
	};
	objectVersion = 56;
	objects = {

/* Begin PBXBuildFile section */
		E972072A2BFCF676004C450D /* LanguageSelectView.swift in Sources */ = {isa = PBXBuildFile; fileRef = E97207292BFCF676004C450D /* LanguageSelectView.swift */; };
		E972072C2BFCF67F004C450D /* LevelView.swift in Sources */ = {isa = PBXBuildFile; fileRef = E972072B2BFCF67F004C450D /* LevelView.swift */; };
		E972072E2BFCF68D004C450D /* LevelSelectView.swift in Sources */ = {isa = PBXBuildFile; fileRef = E972072D2BFCF68D004C450D /* LevelSelectView.swift */; };
		E97207362BFCF799004C450D /* LevelInfo.swift in Sources */ = {isa = PBXBuildFile; fileRef = E97207352BFCF799004C450D /* LevelInfo.swift */; };
		E97207382BFCF7F3004C450D /* Language.swift in Sources */ = {isa = PBXBuildFile; fileRef = E97207372BFCF7F3004C450D /* Language.swift */; };
		E972073A2BFCF938004C450D /* Helper.swift in Sources */ = {isa = PBXBuildFile; fileRef = E97207392BFCF938004C450D /* Helper.swift */; };
		E9A33FD22BFB61480047F2EF /* SpeakUpApp.swift in Sources */ = {isa = PBXBuildFile; fileRef = E9A33FD12BFB61480047F2EF /* SpeakUpApp.swift */; };
		E9A33FD42BFB61480047F2EF /* ContentView.swift in Sources */ = {isa = PBXBuildFile; fileRef = E9A33FD32BFB61480047F2EF /* ContentView.swift */; };
		E9A33FD62BFB614A0047F2EF /* Assets.xcassets in Resources */ = {isa = PBXBuildFile; fileRef = E9A33FD52BFB614A0047F2EF /* Assets.xcassets */; };
		E9A33FD92BFB614A0047F2EF /* Preview Assets.xcassets in Resources */ = {isa = PBXBuildFile; fileRef = E9A33FD82BFB614A0047F2EF /* Preview Assets.xcassets */; };
		E9A33FE22BFB61770047F2EF /* Lottie in Frameworks */ = {isa = PBXBuildFile; productRef = E9A33FE12BFB61770047F2EF /* Lottie */; };
		E9A33FF32BFB63040047F2EF /* overpass-heavy.otf in Resources */ = {isa = PBXBuildFile; fileRef = E9A33FE32BFB63040047F2EF /* overpass-heavy.otf */; };
		E9A33FF42BFB63040047F2EF /* overpass-italic.otf in Resources */ = {isa = PBXBuildFile; fileRef = E9A33FE42BFB63040047F2EF /* overpass-italic.otf */; };
		E9A33FF52BFB63040047F2EF /* overpass-semibold.otf in Resources */ = {isa = PBXBuildFile; fileRef = E9A33FE52BFB63040047F2EF /* overpass-semibold.otf */; };
		E9A33FF62BFB63040047F2EF /* overpass-thin.otf in Resources */ = {isa = PBXBuildFile; fileRef = E9A33FE62BFB63040047F2EF /* overpass-thin.otf */; };
		E9A33FF72BFB63040047F2EF /* overpass-heavy-italic.otf in Resources */ = {isa = PBXBuildFile; fileRef = E9A33FE72BFB63040047F2EF /* overpass-heavy-italic.otf */; };
		E9A33FF82BFB63040047F2EF /* overpass-extrabold.otf in Resources */ = {isa = PBXBuildFile; fileRef = E9A33FE82BFB63040047F2EF /* overpass-extrabold.otf */; };
		E9A33FF92BFB63040047F2EF /* overpass-semibold-italic.otf in Resources */ = {isa = PBXBuildFile; fileRef = E9A33FE92BFB63040047F2EF /* overpass-semibold-italic.otf */; };
		E9A33FFA2BFB63040047F2EF /* overpass-extralight.otf in Resources */ = {isa = PBXBuildFile; fileRef = E9A33FEA2BFB63040047F2EF /* overpass-extralight.otf */; };
		E9A33FFB2BFB63040047F2EF /* overpass-bold.otf in Resources */ = {isa = PBXBuildFile; fileRef = E9A33FEB2BFB63040047F2EF /* overpass-bold.otf */; };
		E9A33FFC2BFB63040047F2EF /* overpass-light.otf in Resources */ = {isa = PBXBuildFile; fileRef = E9A33FEC2BFB63040047F2EF /* overpass-light.otf */; };
		E9A33FFD2BFB63040047F2EF /* overpass-extralight-italic.otf in Resources */ = {isa = PBXBuildFile; fileRef = E9A33FED2BFB63040047F2EF /* overpass-extralight-italic.otf */; };
		E9A33FFE2BFB63040047F2EF /* overpass-bold-italic.otf in Resources */ = {isa = PBXBuildFile; fileRef = E9A33FEE2BFB63040047F2EF /* overpass-bold-italic.otf */; };
		E9A33FFF2BFB63040047F2EF /* overpass-thin-italic.otf in Resources */ = {isa = PBXBuildFile; fileRef = E9A33FEF2BFB63040047F2EF /* overpass-thin-italic.otf */; };
		E9A340002BFB63040047F2EF /* overpass-light-italic.otf in Resources */ = {isa = PBXBuildFile; fileRef = E9A33FF02BFB63040047F2EF /* overpass-light-italic.otf */; };
		E9A340012BFB63040047F2EF /* overpass-extrabold-italic.otf in Resources */ = {isa = PBXBuildFile; fileRef = E9A33FF12BFB63040047F2EF /* overpass-extrabold-italic.otf */; };
		E9A340022BFB63040047F2EF /* overpass-regular.otf in Resources */ = {isa = PBXBuildFile; fileRef = E9A33FF22BFB63040047F2EF /* overpass-regular.otf */; };
		E9A340082BFB631D0047F2EF /* overpass-mono-bold.otf in Resources */ = {isa = PBXBuildFile; fileRef = E9A340032BFB631D0047F2EF /* overpass-mono-bold.otf */; };
		E9A340092BFB631D0047F2EF /* overpass-mono-light.otf in Resources */ = {isa = PBXBuildFile; fileRef = E9A340042BFB631D0047F2EF /* overpass-mono-light.otf */; };
		E9A3400A2BFB631D0047F2EF /* overpass-mono-regular.otf in Resources */ = {isa = PBXBuildFile; fileRef = E9A340052BFB631D0047F2EF /* overpass-mono-regular.otf */; };
		E9A3400B2BFB631D0047F2EF /* overpass-mono-semibold.otf in Resources */ = {isa = PBXBuildFile; fileRef = E9A340062BFB631D0047F2EF /* overpass-mono-semibold.otf */; };
		E9AA8F7A2BFCA64E009003E5 /* Outfit-SemiBold.ttf in Resources */ = {isa = PBXBuildFile; fileRef = E9AA8F722BFCA64E009003E5 /* Outfit-SemiBold.ttf */; };
		E9AA8F7B2BFCA64E009003E5 /* Outfit-Light1.ttf in Resources */ = {isa = PBXBuildFile; fileRef = E9AA8F732BFCA64E009003E5 /* Outfit-Light1.ttf */; };
		E9AA8F7C2BFCA64E009003E5 /* Outfit-Black.ttf in Resources */ = {isa = PBXBuildFile; fileRef = E9AA8F742BFCA64E009003E5 /* Outfit-Black.ttf */; };
		E9AA8F7D2BFCA64E009003E5 /* Outfit-Regular.ttf in Resources */ = {isa = PBXBuildFile; fileRef = E9AA8F752BFCA64E009003E5 /* Outfit-Regular.ttf */; };
		E9AA8F7E2BFCA64E009003E5 /* Outfit-Medium.ttf in Resources */ = {isa = PBXBuildFile; fileRef = E9AA8F762BFCA64E009003E5 /* Outfit-Medium.ttf */; };
		E9AA8F7F2BFCA64E009003E5 /* Outfit-ExtraBold.ttf in Resources */ = {isa = PBXBuildFile; fileRef = E9AA8F772BFCA64E009003E5 /* Outfit-ExtraBold.ttf */; };
		E9AA8F802BFCA64E009003E5 /* Outfit-Bold.ttf in Resources */ = {isa = PBXBuildFile; fileRef = E9AA8F782BFCA64E009003E5 /* Outfit-Bold.ttf */; };
		E9AA8F812BFCA64E009003E5 /* Outfit-ExtraLight.ttf in Resources */ = {isa = PBXBuildFile; fileRef = E9AA8F792BFCA64E009003E5 /* Outfit-ExtraLight.ttf */; };
		E9AA8F832BFCA7D8009003E5 /* LottieView.swift in Sources */ = {isa = PBXBuildFile; fileRef = E9AA8F822BFCA7D8009003E5 /* LottieView.swift */; };
		E9AA8F882BFCACE3009003E5 /* animation_wave.json in Resources */ = {isa = PBXBuildFile; fileRef = E9AA8F842BFCACE3009003E5 /* animation_wave.json */; };
		E9AA8F892BFCACE3009003E5 /* atmospheric-soundscape-152493.mp3 in Resources */ = {isa = PBXBuildFile; fileRef = E9AA8F852BFCACE3009003E5 /* atmospheric-soundscape-152493.mp3 */; };
		E9AA8F8A2BFCACE3009003E5 /* animation_wave_two.json in Resources */ = {isa = PBXBuildFile; fileRef = E9AA8F862BFCACE3009003E5 /* animation_wave_two.json */; };
		E9AA8F8B2BFCACE3009003E5 /* tense-dark-background-199278.mp3 in Resources */ = {isa = PBXBuildFile; fileRef = E9AA8F872BFCACE3009003E5 /* tense-dark-background-199278.mp3 */; };
		E9B5906D2BFD8CC0003E29DB /* SentimentSoundModel.mlpackage in Sources */ = {isa = PBXBuildFile; fileRef = E9B5906C2BFD8CC0003E29DB /* SentimentSoundModel.mlpackage */; };
		E9C315F42C03165F00D59318 /* GameViewModel.swift in Sources */ = {isa = PBXBuildFile; fileRef = E9C315F32C03165F00D59318 /* GameViewModel.swift */; };
		E9C315F72C0336EA00D59318 /* language.json in Resources */ = {isa = PBXBuildFile; fileRef = E9C315F52C0336EA00D59318 /* language.json */; };
		E9C315F82C0336EA00D59318 /* questions.json in Resources */ = {isa = PBXBuildFile; fileRef = E9C315F62C0336EA00D59318 /* questions.json */; };
		E9C315FA2C033B2E00D59318 /* Constants.swift in Sources */ = {isa = PBXBuildFile; fileRef = E9C315F92C033B2E00D59318 /* Constants.swift */; };
		E9C315FC2C033DB200D59318 /* mouse-click-153941.mp3 in Resources */ = {isa = PBXBuildFile; fileRef = E9C315FB2C033DB200D59318 /* mouse-click-153941.mp3 */; };
/* End PBXBuildFile section */

/* Begin PBXFileReference section */
		E97207292BFCF676004C450D /* LanguageSelectView.swift */ = {isa = PBXFileReference; lastKnownFileType = sourcecode.swift; path = LanguageSelectView.swift; sourceTree = "<group>"; };
		E972072B2BFCF67F004C450D /* LevelView.swift */ = {isa = PBXFileReference; lastKnownFileType = sourcecode.swift; path = LevelView.swift; sourceTree = "<group>"; };
		E972072D2BFCF68D004C450D /* LevelSelectView.swift */ = {isa = PBXFileReference; lastKnownFileType = sourcecode.swift; path = LevelSelectView.swift; sourceTree = "<group>"; };
		E97207352BFCF799004C450D /* LevelInfo.swift */ = {isa = PBXFileReference; fileEncoding = 4; lastKnownFileType = sourcecode.swift; path = LevelInfo.swift; sourceTree = "<group>"; };
		E97207372BFCF7F3004C450D /* Language.swift */ = {isa = PBXFileReference; lastKnownFileType = sourcecode.swift; path = Language.swift; sourceTree = "<group>"; };
		E97207392BFCF938004C450D /* Helper.swift */ = {isa = PBXFileReference; lastKnownFileType = sourcecode.swift; path = Helper.swift; sourceTree = "<group>"; };
		E9A33FCE2BFB61480047F2EF /* SpeakUp.app */ = {isa = PBXFileReference; explicitFileType = wrapper.application; includeInIndex = 0; path = SpeakUp.app; sourceTree = BUILT_PRODUCTS_DIR; };
		E9A33FD12BFB61480047F2EF /* SpeakUpApp.swift */ = {isa = PBXFileReference; lastKnownFileType = sourcecode.swift; path = SpeakUpApp.swift; sourceTree = "<group>"; };
		E9A33FD32BFB61480047F2EF /* ContentView.swift */ = {isa = PBXFileReference; lastKnownFileType = sourcecode.swift; path = ContentView.swift; sourceTree = "<group>"; };
		E9A33FD52BFB614A0047F2EF /* Assets.xcassets */ = {isa = PBXFileReference; lastKnownFileType = folder.assetcatalog; path = Assets.xcassets; sourceTree = "<group>"; };
		E9A33FD82BFB614A0047F2EF /* Preview Assets.xcassets */ = {isa = PBXFileReference; lastKnownFileType = folder.assetcatalog; path = "Preview Assets.xcassets"; sourceTree = "<group>"; };
		E9A33FDA2BFB614A0047F2EF /* SpeakUp.entitlements */ = {isa = PBXFileReference; lastKnownFileType = text.plist.entitlements; path = SpeakUp.entitlements; sourceTree = "<group>"; };
		E9A33FE32BFB63040047F2EF /* overpass-heavy.otf */ = {isa = PBXFileReference; lastKnownFileType = file; path = "overpass-heavy.otf"; sourceTree = "<group>"; };
		E9A33FE42BFB63040047F2EF /* overpass-italic.otf */ = {isa = PBXFileReference; lastKnownFileType = file; path = "overpass-italic.otf"; sourceTree = "<group>"; };
		E9A33FE52BFB63040047F2EF /* overpass-semibold.otf */ = {isa = PBXFileReference; lastKnownFileType = file; path = "overpass-semibold.otf"; sourceTree = "<group>"; };
		E9A33FE62BFB63040047F2EF /* overpass-thin.otf */ = {isa = PBXFileReference; lastKnownFileType = file; path = "overpass-thin.otf"; sourceTree = "<group>"; };
		E9A33FE72BFB63040047F2EF /* overpass-heavy-italic.otf */ = {isa = PBXFileReference; lastKnownFileType = file; path = "overpass-heavy-italic.otf"; sourceTree = "<group>"; };
		E9A33FE82BFB63040047F2EF /* overpass-extrabold.otf */ = {isa = PBXFileReference; lastKnownFileType = file; path = "overpass-extrabold.otf"; sourceTree = "<group>"; };
		E9A33FE92BFB63040047F2EF /* overpass-semibold-italic.otf */ = {isa = PBXFileReference; lastKnownFileType = file; path = "overpass-semibold-italic.otf"; sourceTree = "<group>"; };
		E9A33FEA2BFB63040047F2EF /* overpass-extralight.otf */ = {isa = PBXFileReference; lastKnownFileType = file; path = "overpass-extralight.otf"; sourceTree = "<group>"; };
		E9A33FEB2BFB63040047F2EF /* overpass-bold.otf */ = {isa = PBXFileReference; lastKnownFileType = file; path = "overpass-bold.otf"; sourceTree = "<group>"; };
		E9A33FEC2BFB63040047F2EF /* overpass-light.otf */ = {isa = PBXFileReference; lastKnownFileType = file; path = "overpass-light.otf"; sourceTree = "<group>"; };
		E9A33FED2BFB63040047F2EF /* overpass-extralight-italic.otf */ = {isa = PBXFileReference; lastKnownFileType = file; path = "overpass-extralight-italic.otf"; sourceTree = "<group>"; };
		E9A33FEE2BFB63040047F2EF /* overpass-bold-italic.otf */ = {isa = PBXFileReference; lastKnownFileType = file; path = "overpass-bold-italic.otf"; sourceTree = "<group>"; };
		E9A33FEF2BFB63040047F2EF /* overpass-thin-italic.otf */ = {isa = PBXFileReference; lastKnownFileType = file; path = "overpass-thin-italic.otf"; sourceTree = "<group>"; };
		E9A33FF02BFB63040047F2EF /* overpass-light-italic.otf */ = {isa = PBXFileReference; lastKnownFileType = file; path = "overpass-light-italic.otf"; sourceTree = "<group>"; };
		E9A33FF12BFB63040047F2EF /* overpass-extrabold-italic.otf */ = {isa = PBXFileReference; lastKnownFileType = file; path = "overpass-extrabold-italic.otf"; sourceTree = "<group>"; };
		E9A33FF22BFB63040047F2EF /* overpass-regular.otf */ = {isa = PBXFileReference; lastKnownFileType = file; path = "overpass-regular.otf"; sourceTree = "<group>"; };
		E9A340032BFB631D0047F2EF /* overpass-mono-bold.otf */ = {isa = PBXFileReference; lastKnownFileType = file; path = "overpass-mono-bold.otf"; sourceTree = "<group>"; };
		E9A340042BFB631D0047F2EF /* overpass-mono-light.otf */ = {isa = PBXFileReference; lastKnownFileType = file; path = "overpass-mono-light.otf"; sourceTree = "<group>"; };
		E9A340052BFB631D0047F2EF /* overpass-mono-regular.otf */ = {isa = PBXFileReference; lastKnownFileType = file; path = "overpass-mono-regular.otf"; sourceTree = "<group>"; };
		E9A340062BFB631D0047F2EF /* overpass-mono-semibold.otf */ = {isa = PBXFileReference; lastKnownFileType = file; path = "overpass-mono-semibold.otf"; sourceTree = "<group>"; };
		E9AA8F712BFC85D6009003E5 /* Info.plist */ = {isa = PBXFileReference; lastKnownFileType = text.plist; path = Info.plist; sourceTree = "<group>"; };
		E9AA8F722BFCA64E009003E5 /* Outfit-SemiBold.ttf */ = {isa = PBXFileReference; lastKnownFileType = file; path = "Outfit-SemiBold.ttf"; sourceTree = "<group>"; };
		E9AA8F732BFCA64E009003E5 /* Outfit-Light1.ttf */ = {isa = PBXFileReference; lastKnownFileType = file; path = "Outfit-Light1.ttf"; sourceTree = "<group>"; };
		E9AA8F742BFCA64E009003E5 /* Outfit-Black.ttf */ = {isa = PBXFileReference; lastKnownFileType = file; path = "Outfit-Black.ttf"; sourceTree = "<group>"; };
		E9AA8F752BFCA64E009003E5 /* Outfit-Regular.ttf */ = {isa = PBXFileReference; lastKnownFileType = file; path = "Outfit-Regular.ttf"; sourceTree = "<group>"; };
		E9AA8F762BFCA64E009003E5 /* Outfit-Medium.ttf */ = {isa = PBXFileReference; lastKnownFileType = file; path = "Outfit-Medium.ttf"; sourceTree = "<group>"; };
		E9AA8F772BFCA64E009003E5 /* Outfit-ExtraBold.ttf */ = {isa = PBXFileReference; lastKnownFileType = file; path = "Outfit-ExtraBold.ttf"; sourceTree = "<group>"; };
		E9AA8F782BFCA64E009003E5 /* Outfit-Bold.ttf */ = {isa = PBXFileReference; lastKnownFileType = file; path = "Outfit-Bold.ttf"; sourceTree = "<group>"; };
		E9AA8F792BFCA64E009003E5 /* Outfit-ExtraLight.ttf */ = {isa = PBXFileReference; lastKnownFileType = file; path = "Outfit-ExtraLight.ttf"; sourceTree = "<group>"; };
		E9AA8F822BFCA7D8009003E5 /* LottieView.swift */ = {isa = PBXFileReference; lastKnownFileType = sourcecode.swift; path = LottieView.swift; sourceTree = "<group>"; };
		E9AA8F842BFCACE3009003E5 /* animation_wave.json */ = {isa = PBXFileReference; fileEncoding = 4; lastKnownFileType = text.json; path = animation_wave.json; sourceTree = "<group>"; };
		E9AA8F852BFCACE3009003E5 /* atmospheric-soundscape-152493.mp3 */ = {isa = PBXFileReference; lastKnownFileType = audio.mp3; path = "atmospheric-soundscape-152493.mp3"; sourceTree = "<group>"; };
		E9AA8F862BFCACE3009003E5 /* animation_wave_two.json */ = {isa = PBXFileReference; fileEncoding = 4; lastKnownFileType = text.json; path = animation_wave_two.json; sourceTree = "<group>"; };
		E9AA8F872BFCACE3009003E5 /* tense-dark-background-199278.mp3 */ = {isa = PBXFileReference; lastKnownFileType = audio.mp3; path = "tense-dark-background-199278.mp3"; sourceTree = "<group>"; };
		E9B5906C2BFD8CC0003E29DB /* SentimentSoundModel.mlpackage */ = {isa = PBXFileReference; lastKnownFileType = folder.mlpackage; path = SentimentSoundModel.mlpackage; sourceTree = "<group>"; };
		E9C315F32C03165F00D59318 /* GameViewModel.swift */ = {isa = PBXFileReference; lastKnownFileType = sourcecode.swift; path = GameViewModel.swift; sourceTree = "<group>"; };
		E9C315F52C0336EA00D59318 /* language.json */ = {isa = PBXFileReference; fileEncoding = 4; lastKnownFileType = text.json; path = language.json; sourceTree = "<group>"; };
		E9C315F62C0336EA00D59318 /* questions.json */ = {isa = PBXFileReference; fileEncoding = 4; lastKnownFileType = text.json; path = questions.json; sourceTree = "<group>"; };
		E9C315F92C033B2E00D59318 /* Constants.swift */ = {isa = PBXFileReference; lastKnownFileType = sourcecode.swift; path = Constants.swift; sourceTree = "<group>"; };
		E9C315FB2C033DB200D59318 /* mouse-click-153941.mp3 */ = {isa = PBXFileReference; lastKnownFileType = audio.mp3; path = "mouse-click-153941.mp3"; sourceTree = "<group>"; };
/* End PBXFileReference section */

/* Begin PBXFrameworksBuildPhase section */
		E9A33FCB2BFB61480047F2EF /* Frameworks */ = {
			isa = PBXFrameworksBuildPhase;
			buildActionMask = 2147483647;
			files = (
				E9A33FE22BFB61770047F2EF /* Lottie in Frameworks */,
			);
			runOnlyForDeploymentPostprocessing = 0;
		};
/* End PBXFrameworksBuildPhase section */

/* Begin PBXGroup section */
		E9A33FC52BFB61480047F2EF = {
			isa = PBXGroup;
			children = (
				E9A33FD02BFB61480047F2EF /* SpeakUp */,
				E9A33FCF2BFB61480047F2EF /* Products */,
			);
			sourceTree = "<group>";
		};
		E9A33FCF2BFB61480047F2EF /* Products */ = {
			isa = PBXGroup;
			children = (
				E9A33FCE2BFB61480047F2EF /* SpeakUp.app */,
			);
			name = Products;
			sourceTree = "<group>";
		};
		E9A33FD02BFB61480047F2EF /* SpeakUp */ = {
			isa = PBXGroup;
			children = (
				E9B5906A2BFD8C59003E29DB /* models */,
				E9AA8F862BFCACE3009003E5 /* animation_wave_two.json */,
				E9AA8F842BFCACE3009003E5 /* animation_wave.json */,
				E9AA8F852BFCACE3009003E5 /* atmospheric-soundscape-152493.mp3 */,
				E9AA8F872BFCACE3009003E5 /* tense-dark-background-199278.mp3 */,
				E9C315FB2C033DB200D59318 /* mouse-click-153941.mp3 */,
				E9C315F62C0336EA00D59318 /* questions.json */,
				E9C315F52C0336EA00D59318 /* language.json */,
				E9AA8F712BFC85D6009003E5 /* Info.plist */,
				E9A3401E2BFB63640047F2EF /* fonts */,
				E9A33FD12BFB61480047F2EF /* SpeakUpApp.swift */,
				E9A33FD32BFB61480047F2EF /* ContentView.swift */,
				E9A33FD52BFB614A0047F2EF /* Assets.xcassets */,
				E9A33FDA2BFB614A0047F2EF /* SpeakUp.entitlements */,
				E9A33FD72BFB614A0047F2EF /* Preview Content */,
				E9AA8F822BFCA7D8009003E5 /* LottieView.swift */,
				E97207292BFCF676004C450D /* LanguageSelectView.swift */,
				E972072B2BFCF67F004C450D /* LevelView.swift */,
				E972072D2BFCF68D004C450D /* LevelSelectView.swift */,
				E97207352BFCF799004C450D /* LevelInfo.swift */,
				E97207372BFCF7F3004C450D /* Language.swift */,
				E97207392BFCF938004C450D /* Helper.swift */,
				E9C315F32C03165F00D59318 /* GameViewModel.swift */,
				E9C315F92C033B2E00D59318 /* Constants.swift */,
			);
			path = SpeakUp;
			sourceTree = "<group>";
		};
		E9A33FD72BFB614A0047F2EF /* Preview Content */ = {
			isa = PBXGroup;
			children = (
				E9A33FD82BFB614A0047F2EF /* Preview Assets.xcassets */,
			);
			path = "Preview Content";
			sourceTree = "<group>";
		};
		E9A3401E2BFB63640047F2EF /* fonts */ = {
			isa = PBXGroup;
			children = (
				E9AA8F742BFCA64E009003E5 /* Outfit-Black.ttf */,
				E9AA8F782BFCA64E009003E5 /* Outfit-Bold.ttf */,
				E9AA8F772BFCA64E009003E5 /* Outfit-ExtraBold.ttf */,
				E9AA8F792BFCA64E009003E5 /* Outfit-ExtraLight.ttf */,
				E9AA8F732BFCA64E009003E5 /* Outfit-Light1.ttf */,
				E9AA8F762BFCA64E009003E5 /* Outfit-Medium.ttf */,
				E9AA8F752BFCA64E009003E5 /* Outfit-Regular.ttf */,
				E9AA8F722BFCA64E009003E5 /* Outfit-SemiBold.ttf */,
				E9A340032BFB631D0047F2EF /* overpass-mono-bold.otf */,
				E9A340042BFB631D0047F2EF /* overpass-mono-light.otf */,
				E9A340052BFB631D0047F2EF /* overpass-mono-regular.otf */,
				E9A340062BFB631D0047F2EF /* overpass-mono-semibold.otf */,
				E9A33FEE2BFB63040047F2EF /* overpass-bold-italic.otf */,
				E9A33FEB2BFB63040047F2EF /* overpass-bold.otf */,
				E9A33FF12BFB63040047F2EF /* overpass-extrabold-italic.otf */,
				E9A33FE82BFB63040047F2EF /* overpass-extrabold.otf */,
				E9A33FED2BFB63040047F2EF /* overpass-extralight-italic.otf */,
				E9A33FEA2BFB63040047F2EF /* overpass-extralight.otf */,
				E9A33FE72BFB63040047F2EF /* overpass-heavy-italic.otf */,
				E9A33FE32BFB63040047F2EF /* overpass-heavy.otf */,
				E9A33FE42BFB63040047F2EF /* overpass-italic.otf */,
				E9A33FF02BFB63040047F2EF /* overpass-light-italic.otf */,
				E9A33FEC2BFB63040047F2EF /* overpass-light.otf */,
				E9A33FF22BFB63040047F2EF /* overpass-regular.otf */,
				E9A33FE92BFB63040047F2EF /* overpass-semibold-italic.otf */,
				E9A33FE52BFB63040047F2EF /* overpass-semibold.otf */,
				E9A33FEF2BFB63040047F2EF /* overpass-thin-italic.otf */,
				E9A33FE62BFB63040047F2EF /* overpass-thin.otf */,
			);
			path = fonts;
			sourceTree = "<group>";
		};
		E9B5906A2BFD8C59003E29DB /* models */ = {
			isa = PBXGroup;
			children = (
				E9B5906C2BFD8CC0003E29DB /* SentimentSoundModel.mlpackage */,
			);
			path = models;
			sourceTree = "<group>";
		};
/* End PBXGroup section */

/* Begin PBXNativeTarget section */
		E9A33FCD2BFB61480047F2EF /* SpeakUp */ = {
			isa = PBXNativeTarget;
			buildConfigurationList = E9A33FDD2BFB614A0047F2EF /* Build configuration list for PBXNativeTarget "SpeakUp" */;
			buildPhases = (
				E9A33FCA2BFB61480047F2EF /* Sources */,
				E9A33FCB2BFB61480047F2EF /* Frameworks */,
				E9A33FCC2BFB61480047F2EF /* Resources */,
			);
			buildRules = (
			);
			dependencies = (
			);
			name = SpeakUp;
			packageProductDependencies = (
				E9A33FE12BFB61770047F2EF /* Lottie */,
			);
			productName = SpeakUp;
			productReference = E9A33FCE2BFB61480047F2EF /* SpeakUp.app */;
			productType = "com.apple.product-type.application";
		};
/* End PBXNativeTarget section */

/* Begin PBXProject section */
		E9A33FC62BFB61480047F2EF /* Project object */ = {
			isa = PBXProject;
			attributes = {
				BuildIndependentTargetsInParallel = 1;
				LastSwiftUpdateCheck = 1540;
				LastUpgradeCheck = 1540;
				TargetAttributes = {
					E9A33FCD2BFB61480047F2EF = {
						CreatedOnToolsVersion = 15.4;
					};
				};
			};
			buildConfigurationList = E9A33FC92BFB61480047F2EF /* Build configuration list for PBXProject "SpeakUp" */;
			compatibilityVersion = "Xcode 14.0";
			developmentRegion = en;
			hasScannedForEncodings = 0;
			knownRegions = (
				en,
				Base,
			);
			mainGroup = E9A33FC52BFB61480047F2EF;
			packageReferences = (
				E9A33FE02BFB61770047F2EF /* XCRemoteSwiftPackageReference "lottie-ios" */,
			);
			productRefGroup = E9A33FCF2BFB61480047F2EF /* Products */;
			projectDirPath = "";
			projectRoot = "";
			targets = (
				E9A33FCD2BFB61480047F2EF /* SpeakUp */,
			);
		};
/* End PBXProject section */

/* Begin PBXResourcesBuildPhase section */
		E9A33FCC2BFB61480047F2EF /* Resources */ = {
			isa = PBXResourcesBuildPhase;
			buildActionMask = 2147483647;
			files = (
				E9A3400A2BFB631D0047F2EF /* overpass-mono-regular.otf in Resources */,
				E9AA8F812BFCA64E009003E5 /* Outfit-ExtraLight.ttf in Resources */,
				E9AA8F802BFCA64E009003E5 /* Outfit-Bold.ttf in Resources */,
				E9A33FF42BFB63040047F2EF /* overpass-italic.otf in Resources */,
				E9A33FFC2BFB63040047F2EF /* overpass-light.otf in Resources */,
				E9A33FF32BFB63040047F2EF /* overpass-heavy.otf in Resources */,
				E9AA8F882BFCACE3009003E5 /* animation_wave.json in Resources */,
				E9AA8F7D2BFCA64E009003E5 /* Outfit-Regular.ttf in Resources */,
				E9AA8F8B2BFCACE3009003E5 /* tense-dark-background-199278.mp3 in Resources */,
				E9A33FF92BFB63040047F2EF /* overpass-semibold-italic.otf in Resources */,
				E9A33FFD2BFB63040047F2EF /* overpass-extralight-italic.otf in Resources */,
				E9AA8F7B2BFCA64E009003E5 /* Outfit-Light1.ttf in Resources */,
				E9A33FFF2BFB63040047F2EF /* overpass-thin-italic.otf in Resources */,
				E9A33FFE2BFB63040047F2EF /* overpass-bold-italic.otf in Resources */,
				E9A33FF82BFB63040047F2EF /* overpass-extrabold.otf in Resources */,
				E9A340092BFB631D0047F2EF /* overpass-mono-light.otf in Resources */,
				E9AA8F892BFCACE3009003E5 /* atmospheric-soundscape-152493.mp3 in Resources */,
				E9A33FD92BFB614A0047F2EF /* Preview Assets.xcassets in Resources */,
				E9A340022BFB63040047F2EF /* overpass-regular.otf in Resources */,
				E9A3400B2BFB631D0047F2EF /* overpass-mono-semibold.otf in Resources */,
				E9A33FF72BFB63040047F2EF /* overpass-heavy-italic.otf in Resources */,
				E9C315F82C0336EA00D59318 /* questions.json in Resources */,
				E9C315FC2C033DB200D59318 /* mouse-click-153941.mp3 in Resources */,
				E9AA8F8A2BFCACE3009003E5 /* animation_wave_two.json in Resources */,
				E9A33FFA2BFB63040047F2EF /* overpass-extralight.otf in Resources */,
				E9A340002BFB63040047F2EF /* overpass-light-italic.otf in Resources */,
				E9A340012BFB63040047F2EF /* overpass-extrabold-italic.otf in Resources */,
				E9A33FD62BFB614A0047F2EF /* Assets.xcassets in Resources */,
				E9C315F72C0336EA00D59318 /* language.json in Resources */,
				E9AA8F7C2BFCA64E009003E5 /* Outfit-Black.ttf in Resources */,
				E9AA8F7F2BFCA64E009003E5 /* Outfit-ExtraBold.ttf in Resources */,
				E9A33FF52BFB63040047F2EF /* overpass-semibold.otf in Resources */,
				E9A33FF62BFB63040047F2EF /* overpass-thin.otf in Resources */,
				E9A340082BFB631D0047F2EF /* overpass-mono-bold.otf in Resources */,
				E9AA8F7A2BFCA64E009003E5 /* Outfit-SemiBold.ttf in Resources */,
				E9AA8F7E2BFCA64E009003E5 /* Outfit-Medium.ttf in Resources */,
				E9A33FFB2BFB63040047F2EF /* overpass-bold.otf in Resources */,
			);
			runOnlyForDeploymentPostprocessing = 0;
		};
/* End PBXResourcesBuildPhase section */

/* Begin PBXSourcesBuildPhase section */
		E9A33FCA2BFB61480047F2EF /* Sources */ = {
			isa = PBXSourcesBuildPhase;
			buildActionMask = 2147483647;
			files = (
				E972073A2BFCF938004C450D /* Helper.swift in Sources */,
				E9A33FD42BFB61480047F2EF /* ContentView.swift in Sources */,
				E97207382BFCF7F3004C450D /* Language.swift in Sources */,
				E97207362BFCF799004C450D /* LevelInfo.swift in Sources */,
				E9B5906D2BFD8CC0003E29DB /* SentimentSoundModel.mlpackage in Sources */,
				E9C315F42C03165F00D59318 /* GameViewModel.swift in Sources */,
				E9C315FA2C033B2E00D59318 /* Constants.swift in Sources */,
				E9A33FD22BFB61480047F2EF /* SpeakUpApp.swift in Sources */,
				E972072A2BFCF676004C450D /* LanguageSelectView.swift in Sources */,
				E972072E2BFCF68D004C450D /* LevelSelectView.swift in Sources */,
				E9AA8F832BFCA7D8009003E5 /* LottieView.swift in Sources */,
				E972072C2BFCF67F004C450D /* LevelView.swift in Sources */,
			);
			runOnlyForDeploymentPostprocessing = 0;
		};
/* End PBXSourcesBuildPhase section */

/* Begin XCBuildConfiguration section */
		E9A33FDB2BFB614A0047F2EF /* Debug */ = {
			isa = XCBuildConfiguration;
			buildSettings = {
				ALWAYS_SEARCH_USER_PATHS = NO;
				ASSETCATALOG_COMPILER_GENERATE_SWIFT_ASSET_SYMBOL_EXTENSIONS = YES;
				CLANG_ANALYZER_NONNULL = YES;
				CLANG_ANALYZER_NUMBER_OBJECT_CONVERSION = YES_AGGRESSIVE;
				CLANG_CXX_LANGUAGE_STANDARD = "gnu++20";
				CLANG_ENABLE_MODULES = YES;
				CLANG_ENABLE_OBJC_ARC = YES;
				CLANG_ENABLE_OBJC_WEAK = YES;
				CLANG_WARN_BLOCK_CAPTURE_AUTORELEASING = YES;
				CLANG_WARN_BOOL_CONVERSION = YES;
				CLANG_WARN_COMMA = YES;
				CLANG_WARN_CONSTANT_CONVERSION = YES;
				CLANG_WARN_DEPRECATED_OBJC_IMPLEMENTATIONS = YES;
				CLANG_WARN_DIRECT_OBJC_ISA_USAGE = YES_ERROR;
				CLANG_WARN_DOCUMENTATION_COMMENTS = YES;
				CLANG_WARN_EMPTY_BODY = YES;
				CLANG_WARN_ENUM_CONVERSION = YES;
				CLANG_WARN_INFINITE_RECURSION = YES;
				CLANG_WARN_INT_CONVERSION = YES;
				CLANG_WARN_NON_LITERAL_NULL_CONVERSION = YES;
				CLANG_WARN_OBJC_IMPLICIT_RETAIN_SELF = YES;
				CLANG_WARN_OBJC_LITERAL_CONVERSION = YES;
				CLANG_WARN_OBJC_ROOT_CLASS = YES_ERROR;
				CLANG_WARN_QUOTED_INCLUDE_IN_FRAMEWORK_HEADER = YES;
				CLANG_WARN_RANGE_LOOP_ANALYSIS = YES;
				CLANG_WARN_STRICT_PROTOTYPES = YES;
				CLANG_WARN_SUSPICIOUS_MOVE = YES;
				CLANG_WARN_UNGUARDED_AVAILABILITY = YES_AGGRESSIVE;
				CLANG_WARN_UNREACHABLE_CODE = YES;
				CLANG_WARN__DUPLICATE_METHOD_MATCH = YES;
				COPY_PHASE_STRIP = NO;
				DEBUG_INFORMATION_FORMAT = dwarf;
				ENABLE_STRICT_OBJC_MSGSEND = YES;
				ENABLE_TESTABILITY = YES;
				ENABLE_USER_SCRIPT_SANDBOXING = YES;
				GCC_C_LANGUAGE_STANDARD = gnu17;
				GCC_DYNAMIC_NO_PIC = NO;
				GCC_NO_COMMON_BLOCKS = YES;
				GCC_OPTIMIZATION_LEVEL = 0;
				GCC_PREPROCESSOR_DEFINITIONS = (
					"DEBUG=1",
					"$(inherited)",
				);
				GCC_WARN_64_TO_32_BIT_CONVERSION = YES;
				GCC_WARN_ABOUT_RETURN_TYPE = YES_ERROR;
				GCC_WARN_UNDECLARED_SELECTOR = YES;
				GCC_WARN_UNINITIALIZED_AUTOS = YES_AGGRESSIVE;
				GCC_WARN_UNUSED_FUNCTION = YES;
				GCC_WARN_UNUSED_VARIABLE = YES;
				LOCALIZATION_PREFERS_STRING_CATALOGS = YES;
				MACOSX_DEPLOYMENT_TARGET = 14.5;
				MTL_ENABLE_DEBUG_INFO = INCLUDE_SOURCE;
				MTL_FAST_MATH = YES;
				ONLY_ACTIVE_ARCH = YES;
				SDKROOT = macosx;
				SWIFT_ACTIVE_COMPILATION_CONDITIONS = "DEBUG $(inherited)";
				SWIFT_OPTIMIZATION_LEVEL = "-Onone";
			};
			name = Debug;
		};
		E9A33FDC2BFB614A0047F2EF /* Release */ = {
			isa = XCBuildConfiguration;
			buildSettings = {
				ALWAYS_SEARCH_USER_PATHS = NO;
				ASSETCATALOG_COMPILER_GENERATE_SWIFT_ASSET_SYMBOL_EXTENSIONS = YES;
				CLANG_ANALYZER_NONNULL = YES;
				CLANG_ANALYZER_NUMBER_OBJECT_CONVERSION = YES_AGGRESSIVE;
				CLANG_CXX_LANGUAGE_STANDARD = "gnu++20";
				CLANG_ENABLE_MODULES = YES;
				CLANG_ENABLE_OBJC_ARC = YES;
				CLANG_ENABLE_OBJC_WEAK = YES;
				CLANG_WARN_BLOCK_CAPTURE_AUTORELEASING = YES;
				CLANG_WARN_BOOL_CONVERSION = YES;
				CLANG_WARN_COMMA = YES;
				CLANG_WARN_CONSTANT_CONVERSION = YES;
				CLANG_WARN_DEPRECATED_OBJC_IMPLEMENTATIONS = YES;
				CLANG_WARN_DIRECT_OBJC_ISA_USAGE = YES_ERROR;
				CLANG_WARN_DOCUMENTATION_COMMENTS = YES;
				CLANG_WARN_EMPTY_BODY = YES;
				CLANG_WARN_ENUM_CONVERSION = YES;
				CLANG_WARN_INFINITE_RECURSION = YES;
				CLANG_WARN_INT_CONVERSION = YES;
				CLANG_WARN_NON_LITERAL_NULL_CONVERSION = YES;
				CLANG_WARN_OBJC_IMPLICIT_RETAIN_SELF = YES;
				CLANG_WARN_OBJC_LITERAL_CONVERSION = YES;
				CLANG_WARN_OBJC_ROOT_CLASS = YES_ERROR;
				CLANG_WARN_QUOTED_INCLUDE_IN_FRAMEWORK_HEADER = YES;
				CLANG_WARN_RANGE_LOOP_ANALYSIS = YES;
				CLANG_WARN_STRICT_PROTOTYPES = YES;
				CLANG_WARN_SUSPICIOUS_MOVE = YES;
				CLANG_WARN_UNGUARDED_AVAILABILITY = YES_AGGRESSIVE;
				CLANG_WARN_UNREACHABLE_CODE = YES;
				CLANG_WARN__DUPLICATE_METHOD_MATCH = YES;
				COPY_PHASE_STRIP = NO;
				DEBUG_INFORMATION_FORMAT = "dwarf-with-dsym";
				ENABLE_NS_ASSERTIONS = NO;
				ENABLE_STRICT_OBJC_MSGSEND = YES;
				ENABLE_USER_SCRIPT_SANDBOXING = YES;
				GCC_C_LANGUAGE_STANDARD = gnu17;
				GCC_NO_COMMON_BLOCKS = YES;
				GCC_WARN_64_TO_32_BIT_CONVERSION = YES;
				GCC_WARN_ABOUT_RETURN_TYPE = YES_ERROR;
				GCC_WARN_UNDECLARED_SELECTOR = YES;
				GCC_WARN_UNINITIALIZED_AUTOS = YES_AGGRESSIVE;
				GCC_WARN_UNUSED_FUNCTION = YES;
				GCC_WARN_UNUSED_VARIABLE = YES;
				LOCALIZATION_PREFERS_STRING_CATALOGS = YES;
				MACOSX_DEPLOYMENT_TARGET = 14.5;
				MTL_ENABLE_DEBUG_INFO = NO;
				MTL_FAST_MATH = YES;
				SDKROOT = macosx;
				SWIFT_COMPILATION_MODE = wholemodule;
			};
			name = Release;
		};
		E9A33FDE2BFB614A0047F2EF /* Debug */ = {
			isa = XCBuildConfiguration;
			buildSettings = {
				ASSETCATALOG_COMPILER_APPICON_NAME = AppIcon;
				ASSETCATALOG_COMPILER_GLOBAL_ACCENT_COLOR_NAME = AccentColor;
				CODE_SIGN_ENTITLEMENTS = SpeakUp/SpeakUp.entitlements;
				CODE_SIGN_STYLE = Automatic;
				COMBINE_HIDPI_IMAGES = YES;
				CURRENT_PROJECT_VERSION = 1;
				DEVELOPMENT_ASSET_PATHS = "\"SpeakUp/Preview Content\"";
				DEVELOPMENT_TEAM = MRV3669B85;
				ENABLE_HARDENED_RUNTIME = YES;
				ENABLE_PREVIEWS = YES;
				GENERATE_INFOPLIST_FILE = YES;
				INFOPLIST_FILE = SpeakUp/Info.plist;
				INFOPLIST_KEY_NSHumanReadableCopyright = "";
				INFOPLIST_KEY_NSMicrophoneUsageDescription = "Your speech via microphone usage will be use for allowing an question type in this game. Without it, the game couldn't be played.";
				INFOPLIST_KEY_NSSpeechRecognitionUsageDescription = "The speech recognition will be used for matching the qualifications of a question to yours.";
				LD_RUNPATH_SEARCH_PATHS = (
					"$(inherited)",
					"@executable_path/../Frameworks",
				);
				MARKETING_VERSION = 1.0;
				PRODUCT_BUNDLE_IDENTIFIER = com.lonard.SpeakUp;
				PRODUCT_NAME = "$(TARGET_NAME)";
				SWIFT_EMIT_LOC_STRINGS = YES;
				SWIFT_VERSION = 5.0;
			};
			name = Debug;
		};
		E9A33FDF2BFB614A0047F2EF /* Release */ = {
			isa = XCBuildConfiguration;
			buildSettings = {
				ASSETCATALOG_COMPILER_APPICON_NAME = AppIcon;
				ASSETCATALOG_COMPILER_GLOBAL_ACCENT_COLOR_NAME = AccentColor;
				CODE_SIGN_ENTITLEMENTS = SpeakUp/SpeakUp.entitlements;
				CODE_SIGN_STYLE = Automatic;
				COMBINE_HIDPI_IMAGES = YES;
				CURRENT_PROJECT_VERSION = 1;
				DEVELOPMENT_ASSET_PATHS = "\"SpeakUp/Preview Content\"";
				DEVELOPMENT_TEAM = MRV3669B85;
				ENABLE_HARDENED_RUNTIME = YES;
				ENABLE_PREVIEWS = YES;
				GENERATE_INFOPLIST_FILE = YES;
				INFOPLIST_FILE = SpeakUp/Info.plist;
				INFOPLIST_KEY_NSHumanReadableCopyright = "";
				INFOPLIST_KEY_NSMicrophoneUsageDescription = "Your speech via microphone usage will be use for allowing an question type in this game. Without it, the game couldn't be played.";
				INFOPLIST_KEY_NSSpeechRecognitionUsageDescription = "The speech recognition will be used for matching the qualifications of a question to yours.";
				LD_RUNPATH_SEARCH_PATHS = (
					"$(inherited)",
					"@executable_path/../Frameworks",
				);
				MARKETING_VERSION = 1.0;
				PRODUCT_BUNDLE_IDENTIFIER = com.lonard.SpeakUp;
				PRODUCT_NAME = "$(TARGET_NAME)";
				SWIFT_EMIT_LOC_STRINGS = YES;
				SWIFT_VERSION = 5.0;
			};
			name = Release;
		};
/* End XCBuildConfiguration section */

/* Begin XCConfigurationList section */
		E9A33FC92BFB61480047F2EF /* Build configuration list for PBXProject "SpeakUp" */ = {
			isa = XCConfigurationList;
			buildConfigurations = (
				E9A33FDB2BFB614A0047F2EF /* Debug */,
				E9A33FDC2BFB614A0047F2EF /* Release */,
			);
			defaultConfigurationIsVisible = 0;
			defaultConfigurationName = Release;
		};
		E9A33FDD2BFB614A0047F2EF /* Build configuration list for PBXNativeTarget "SpeakUp" */ = {
			isa = XCConfigurationList;
			buildConfigurations = (
				E9A33FDE2BFB614A0047F2EF /* Debug */,
				E9A33FDF2BFB614A0047F2EF /* Release */,
			);
			defaultConfigurationIsVisible = 0;
			defaultConfigurationName = Release;
		};
/* End XCConfigurationList section */

/* Begin XCRemoteSwiftPackageReference section */
		E9A33FE02BFB61770047F2EF /* XCRemoteSwiftPackageReference "lottie-ios" */ = {
			isa = XCRemoteSwiftPackageReference;
			repositoryURL = "https://github.com/airbnb/lottie-ios.git";
			requirement = {
				kind = upToNextMajorVersion;
				minimumVersion = 4.4.3;
			};
		};
/* End XCRemoteSwiftPackageReference section */

/* Begin XCSwiftPackageProductDependency section */
		E9A33FE12BFB61770047F2EF /* Lottie */ = {
			isa = XCSwiftPackageProductDependency;
			package = E9A33FE02BFB61770047F2EF /* XCRemoteSwiftPackageReference "lottie-ios" */;
			productName = Lottie;
		};
/* End XCSwiftPackageProductDependency section */
	};
	rootObject = E9A33FC62BFB61480047F2EF /* Project object */;
}
